
Microsoft Visual Studio Solution File, Format Version 12.00
# Visual Studio Version 17
VisualStudioVersion = 17.5.33516.290
MinimumVisualStudioVersion = 10.0.40219.1
Project("{FAE04EC0-301F-11D3-BF4B-00C04F79EFBC}") = "Trivia", "Trivia\Trivia.csproj", "{94916BFA-9FBA-40E4-8950-E4FE3C17A85A}"
EndProject
Global
	GlobalSection(SolutionConfigurationPlatforms) = preSolution
		Debug|Any CPU = Debug|Any CPU
		Release|Any CPU = Release|Any CPU
	EndGlobalSection
	GlobalSection(ProjectConfigurationPlatforms) = postSolution
		{94916BFA-9FBA-40E4-8950-E4FE3C17A85A}.Debug|Any CPU.ActiveCfg = Debug|Any CPU
		{94916BFA-9FBA-40E4-8950-E4FE3C17A85A}.Debug|Any CPU.Build.0 = Debug|Any CPU
		{94916BFA-9FBA-40E4-8950-E4FE3C17A85A}.Release|Any CPU.ActiveCfg = Release|Any CPU
		{94916BFA-9FBA-40E4-8950-E4FE3C17A85A}.Release|Any CPU.Build.0 = Release|Any CPU
	EndGlobalSection
	GlobalSection(SolutionProperties) = preSolution
		HideSolutionNode = FALSE
	EndGlobalSection
	GlobalSection(ExtensibilityGlobals) = postSolution
		SolutionGuid = {B5896F4F-989D-41FC-B71B-607D47C11738}
	EndGlobalSection
EndGlobal
